
Microsoft Visual Studio Solution File, Format Version 12.00
# Visual Studio Version 17
VisualStudioVersion = 17.0.31903.59
MinimumVisualStudioVersion = 10.0.40219.1
Project("{FAE04EC0-301F-11D3-BF4B-00C04F79EFBC}") = "NServiceBus.DataBus", "NServiceBus.DataBus\NServiceBus.DataBus.csproj", "{79ED31D0-E533-48E6-8F33-30301DB307B5}"
EndProject
Project("{FAE04EC0-301F-11D3-BF4B-00C04F79EFBC}") = "NServiceBus.DataBus.Tests", "NServiceBus.DataBus.Tests\NServiceBus.DataBus.Tests.csproj", "{9E16A626-1F71-48AD-86D6-A5A5D2C96A3A}"
EndProject
Global
	GlobalSection(SolutionConfigurationPlatforms) = preSolution
		Debug|Any CPU = Debug|Any CPU
		Release|Any CPU = Release|Any CPU
	EndGlobalSection
	GlobalSection(SolutionProperties) = preSolution
		HideSolutionNode = FALSE
	EndGlobalSection
	GlobalSection(ProjectConfigurationPlatforms) = postSolution
		{79ED31D0-E533-48E6-8F33-30301DB307B5}.Debug|Any CPU.ActiveCfg = Debug|Any CPU
		{79ED31D0-E533-48E6-8F33-30301DB307B5}.Debug|Any CPU.Build.0 = Debug|Any CPU
		{79ED31D0-E533-48E6-8F33-30301DB307B5}.Release|Any CPU.ActiveCfg = Release|Any CPU
		{79ED31D0-E533-48E6-8F33-30301DB307B5}.Release|Any CPU.Build.0 = Release|Any CPU
		{9E16A626-1F71-48AD-86D6-A5A5D2C96A3A}.Debug|Any CPU.ActiveCfg = Debug|Any CPU
		{9E16A626-1F71-48AD-86D6-A5A5D2C96A3A}.Debug|Any CPU.Build.0 = Debug|Any CPU
		{9E16A626-1F71-48AD-86D6-A5A5D2C96A3A}.Release|Any CPU.ActiveCfg = Release|Any CPU
		{9E16A626-1F71-48AD-86D6-A5A5D2C96A3A}.Release|Any CPU.Build.0 = Release|Any CPU
	EndGlobalSection
EndGlobal
